
Microsoft Visual Studio Solution File, Format Version 12.00
# Visual Studio 15
VisualStudioVersion = 15.0.27703.2047
MinimumVisualStudioVersion = 10.0.40219.1
Project("{FAE04EC0-301F-11D3-BF4B-00C04F79EFBC}") = "SwimModel", "SwimLib\SwimModel.csproj", "{3A8ACEC1-3E8A-4E1A-8C55-FBE6D971DEFA}"
EndProject
Project("{FAE04EC0-301F-11D3-BF4B-00C04F79EFBC}") = "SwimModelTest", "SwimModelTest\SwimModelTest.csproj", "{14B7E823-EC01-4D99-A72A-4F135751EFA7}"
EndProject
Project("{FAE04EC0-301F-11D3-BF4B-00C04F79EFBC}") = "SwimForm", "SwimForm\SwimForm.csproj", "{8933F072-198D-4A4F-8858-2BBFF38611CD}"
EndProject
Global
	GlobalSection(SolutionConfigurationPlatforms) = preSolution
		Debug|Any CPU = Debug|Any CPU
		Release|Any CPU = Release|Any CPU
	EndGlobalSection
	GlobalSection(ProjectConfigurationPlatforms) = postSolution
		{3A8ACEC1-3E8A-4E1A-8C55-FBE6D971DEFA}.Debug|Any CPU.ActiveCfg = Debug|Any CPU
		{3A8ACEC1-3E8A-4E1A-8C55-FBE6D971DEFA}.Debug|Any CPU.Build.0 = Debug|Any CPU
		{3A8ACEC1-3E8A-4E1A-8C55-FBE6D971DEFA}.Release|Any CPU.ActiveCfg = Release|Any CPU
		{3A8ACEC1-3E8A-4E1A-8C55-FBE6D971DEFA}.Release|Any CPU.Build.0 = Release|Any CPU
		{14B7E823-EC01-4D99-A72A-4F135751EFA7}.Debug|Any CPU.ActiveCfg = Debug|Any CPU
		{14B7E823-EC01-4D99-A72A-4F135751EFA7}.Debug|Any CPU.Build.0 = Debug|Any CPU
		{14B7E823-EC01-4D99-A72A-4F135751EFA7}.Release|Any CPU.ActiveCfg = Release|Any CPU
		{14B7E823-EC01-4D99-A72A-4F135751EFA7}.Release|Any CPU.Build.0 = Release|Any CPU
		{8933F072-198D-4A4F-8858-2BBFF38611CD}.Debug|Any CPU.ActiveCfg = Debug|Any CPU
		{8933F072-198D-4A4F-8858-2BBFF38611CD}.Debug|Any CPU.Build.0 = Debug|Any CPU
		{8933F072-198D-4A4F-8858-2BBFF38611CD}.Release|Any CPU.ActiveCfg = Release|Any CPU
		{8933F072-198D-4A4F-8858-2BBFF38611CD}.Release|Any CPU.Build.0 = Release|Any CPU
	EndGlobalSection
	GlobalSection(SolutionProperties) = preSolution
		HideSolutionNode = FALSE
	EndGlobalSection
	GlobalSection(ExtensibilityGlobals) = postSolution
		SolutionGuid = {841A32C5-C25D-4303-BB9F-11D9B316EC0C}
	EndGlobalSection
EndGlobal
